// !$*UTF8*$!
{
	archiveVersion = 1;
	classes = {
	};
	objectVersion = 48;
	objects = {

/* Begin PBXBuildFile section */
		5443278D239372CA00998A20 /* AppDelegate.swift in Sources */ = {isa = PBXBuildFile; fileRef = 5443278C239372CA00998A20 /* AppDelegate.swift */; };
		5443278F239372CA00998A20 /* DocumentBrowserViewController.swift in Sources */ = {isa = PBXBuildFile; fileRef = 5443278E239372CA00998A20 /* DocumentBrowserViewController.swift */; };
		54432793239372CA00998A20 /* EmojiArtDocument.swift in Sources */ = {isa = PBXBuildFile; fileRef = 54432792239372CA00998A20 /* EmojiArtDocument.swift */; };
		54432796239372CA00998A20 /* Main.storyboard in Resources */ = {isa = PBXBuildFile; fileRef = 54432794239372CA00998A20 /* Main.storyboard */; };
		54432798239372CA00998A20 /* Assets.xcassets in Resources */ = {isa = PBXBuildFile; fileRef = 54432797239372CA00998A20 /* Assets.xcassets */; };
		5443279B239372CA00998A20 /* LaunchScreen.storyboard in Resources */ = {isa = PBXBuildFile; fileRef = 54432799239372CA00998A20 /* LaunchScreen.storyboard */; };
		54E193D823942D7700AD2386 /* EmojiArt.swift in Sources */ = {isa = PBXBuildFile; fileRef = 54E193D723942D7700AD2386 /* EmojiArt.swift */; };
		54E193DA239435F000AD2386 /* EmojiArtViewWithGestures.swift in Sources */ = {isa = PBXBuildFile; fileRef = 54E193D9239435F000AD2386 /* EmojiArtViewWithGestures.swift */; };
		54E193DC2394369300AD2386 /* EmojiArtView.swift in Sources */ = {isa = PBXBuildFile; fileRef = 54E193DB2394369300AD2386 /* EmojiArtView.swift */; };
		54E193DE2394381700AD2386 /* Utilities.swift in Sources */ = {isa = PBXBuildFile; fileRef = 54E193DD2394381700AD2386 /* Utilities.swift */; };
		54E193E0239438C500AD2386 /* TextFieldCollectionViewCell.swift in Sources */ = {isa = PBXBuildFile; fileRef = 54E193DF239438C500AD2386 /* TextFieldCollectionViewCell.swift */; };
		54E193E2239439E100AD2386 /* EmojiCollectionViewCell.swift in Sources */ = {isa = PBXBuildFile; fileRef = 54E193E1239439E100AD2386 /* EmojiCollectionViewCell.swift */; };
		54E193E42394416B00AD2386 /* EmojiArtViewController.swift in Sources */ = {isa = PBXBuildFile; fileRef = 54E193E32394416B00AD2386 /* EmojiArtViewController.swift */; };
/* End PBXBuildFile section */

/* Begin PBXFileReference section */
		54432789239372CA00998A20 /* EmojiArtDocBrowser.app */ = {isa = PBXFileReference; explicitFileType = wrapper.application; includeInIndex = 0; path = EmojiArtDocBrowser.app; sourceTree = BUILT_PRODUCTS_DIR; };
		5443278C239372CA00998A20 /* AppDelegate.swift */ = {isa = PBXFileReference; lastKnownFileType = sourcecode.swift; path = AppDelegate.swift; sourceTree = "<group>"; };
		5443278E239372CA00998A20 /* DocumentBrowserViewController.swift */ = {isa = PBXFileReference; lastKnownFileType = sourcecode.swift; path = DocumentBrowserViewController.swift; sourceTree = "<group>"; };
		54432792239372CA00998A20 /* EmojiArtDocument.swift */ = {isa = PBXFileReference; lastKnownFileType = sourcecode.swift; path = EmojiArtDocument.swift; sourceTree = "<group>"; };
		54432795239372CA00998A20 /* Base */ = {isa = PBXFileReference; lastKnownFileType = file.storyboard; name = Base; path = Base.lproj/Main.storyboard; sourceTree = "<group>"; };
		54432797239372CA00998A20 /* Assets.xcassets */ = {isa = PBXFileReference; lastKnownFileType = folder.assetcatalog; path = Assets.xcassets; sourceTree = "<group>"; };
		5443279A239372CA00998A20 /* Base */ = {isa = PBXFileReference; lastKnownFileType = file.storyboard; name = Base; path = Base.lproj/LaunchScreen.storyboard; sourceTree = "<group>"; };
		5443279C239372CA00998A20 /* Info.plist */ = {isa = PBXFileReference; lastKnownFileType = text.plist.xml; path = Info.plist; sourceTree = "<group>"; };
		54E193D723942D7700AD2386 /* EmojiArt.swift */ = {isa = PBXFileReference; lastKnownFileType = sourcecode.swift; path = EmojiArt.swift; sourceTree = "<group>"; };
		54E193D9239435F000AD2386 /* EmojiArtViewWithGestures.swift */ = {isa = PBXFileReference; lastKnownFileType = sourcecode.swift; path = EmojiArtViewWithGestures.swift; sourceTree = "<group>"; };
		54E193DB2394369300AD2386 /* EmojiArtView.swift */ = {isa = PBXFileReference; lastKnownFileType = sourcecode.swift; path = EmojiArtView.swift; sourceTree = "<group>"; };
		54E193DD2394381700AD2386 /* Utilities.swift */ = {isa = PBXFileReference; lastKnownFileType = sourcecode.swift; path = Utilities.swift; sourceTree = "<group>"; };
		54E193DF239438C500AD2386 /* TextFieldCollectionViewCell.swift */ = {isa = PBXFileReference; lastKnownFileType = sourcecode.swift; path = TextFieldCollectionViewCell.swift; sourceTree = "<group>"; };
		54E193E1239439E100AD2386 /* EmojiCollectionViewCell.swift */ = {isa = PBXFileReference; lastKnownFileType = sourcecode.swift; path = EmojiCollectionViewCell.swift; sourceTree = "<group>"; };
		54E193E32394416B00AD2386 /* EmojiArtViewController.swift */ = {isa = PBXFileReference; lastKnownFileType = sourcecode.swift; path = EmojiArtViewController.swift; sourceTree = "<group>"; };
/* End PBXFileReference section */

/* Begin PBXFrameworksBuildPhase section */
		54432786239372CA00998A20 /* Frameworks */ = {
			isa = PBXFrameworksBuildPhase;
			buildActionMask = 2147483647;
			files = (
			);
			runOnlyForDeploymentPostprocessing = 0;
		};
/* End PBXFrameworksBuildPhase section */

/* Begin PBXGroup section */
		54432780239372CA00998A20 = {
			isa = PBXGroup;
			children = (
				5443278B239372CA00998A20 /* EmojiArtDocBrowser */,
				5443278A239372CA00998A20 /* Products */,
			);
			sourceTree = "<group>";
		};
		5443278A239372CA00998A20 /* Products */ = {
			isa = PBXGroup;
			children = (
				54432789239372CA00998A20 /* EmojiArtDocBrowser.app */,
			);
			name = Products;
			sourceTree = "<group>";
		};
		5443278B239372CA00998A20 /* EmojiArtDocBrowser */ = {
			isa = PBXGroup;
			children = (
				544327A2239372F700998A20 /* Supporting Files */,
				5443278E239372CA00998A20 /* DocumentBrowserViewController.swift */,
				54E193DF239438C500AD2386 /* TextFieldCollectionViewCell.swift */,
				54E193E1239439E100AD2386 /* EmojiCollectionViewCell.swift */,
				54432792239372CA00998A20 /* EmojiArtDocument.swift */,
				54E193D723942D7700AD2386 /* EmojiArt.swift */,
				54432794239372CA00998A20 /* Main.storyboard */,
				5443279C239372CA00998A20 /* Info.plist */,
				54E193D9239435F000AD2386 /* EmojiArtViewWithGestures.swift */,
				54E193E32394416B00AD2386 /* EmojiArtViewController.swift */,
				54E193DB2394369300AD2386 /* EmojiArtView.swift */,
				54E193DD2394381700AD2386 /* Utilities.swift */,
			);
			path = EmojiArtDocBrowser;
			sourceTree = "<group>";
		};
		544327A2239372F700998A20 /* Supporting Files */ = {
			isa = PBXGroup;
			children = (
				5443278C239372CA00998A20 /* AppDelegate.swift */,
				54432797239372CA00998A20 /* Assets.xcassets */,
				54432799239372CA00998A20 /* LaunchScreen.storyboard */,
			);
			path = "Supporting Files";
			sourceTree = "<group>";
		};
/* End PBXGroup section */

/* Begin PBXNativeTarget section */
		54432788239372CA00998A20 /* EmojiArtDocBrowser */ = {
			isa = PBXNativeTarget;
			buildConfigurationList = 5443279F239372CA00998A20 /* Build configuration list for PBXNativeTarget "EmojiArtDocBrowser" */;
			buildPhases = (
				54432785239372CA00998A20 /* Sources */,
				54432786239372CA00998A20 /* Frameworks */,
				54432787239372CA00998A20 /* Resources */,
			);
			buildRules = (
			);
			dependencies = (
			);
			name = EmojiArtDocBrowser;
			productName = EmojiArtDocBrowser;
			productReference = 54432789239372CA00998A20 /* EmojiArtDocBrowser.app */;
			productType = "com.apple.product-type.application";
		};
/* End PBXNativeTarget section */

/* Begin PBXProject section */
		54432781239372CA00998A20 /* Project object */ = {
			isa = PBXProject;
			attributes = {
				LastSwiftUpdateCheck = 0900;
				LastUpgradeCheck = 0900;
				ORGANIZATIONNAME = "Credit Suisse";
				TargetAttributes = {
					54432788239372CA00998A20 = {
						CreatedOnToolsVersion = 9.0;
						ProvisioningStyle = Automatic;
					};
				};
			};
			buildConfigurationList = 54432784239372CA00998A20 /* Build configuration list for PBXProject "EmojiArtDocBrowser" */;
			compatibilityVersion = "Xcode 8.0";
			developmentRegion = en;
			hasScannedForEncodings = 0;
			knownRegions = (
				en,
				Base,
			);
			mainGroup = 54432780239372CA00998A20;
			productRefGroup = 5443278A239372CA00998A20 /* Products */;
			projectDirPath = "";
			projectRoot = "";
			targets = (
				54432788239372CA00998A20 /* EmojiArtDocBrowser */,
			);
		};
/* End PBXProject section */

/* Begin PBXResourcesBuildPhase section */
		54432787239372CA00998A20 /* Resources */ = {
			isa = PBXResourcesBuildPhase;
			buildActionMask = 2147483647;
			files = (
				5443279B239372CA00998A20 /* LaunchScreen.storyboard in Resources */,
				54432798239372CA00998A20 /* Assets.xcassets in Resources */,
				54432796239372CA00998A20 /* Main.storyboard in Resources */,
			);
			runOnlyForDeploymentPostprocessing = 0;
		};
/* End PBXResourcesBuildPhase section */

/* Begin PBXSourcesBuildPhase section */
		54432785239372CA00998A20 /* Sources */ = {
			isa = PBXSourcesBuildPhase;
			buildActionMask = 2147483647;
			files = (
				54E193DA239435F000AD2386 /* EmojiArtViewWithGestures.swift in Sources */,
				54E193E42394416B00AD2386 /* EmojiArtViewController.swift in Sources */,
				54E193D823942D7700AD2386 /* EmojiArt.swift in Sources */,
				54E193DE2394381700AD2386 /* Utilities.swift in Sources */,
				54432793239372CA00998A20 /* EmojiArtDocument.swift in Sources */,
				54E193E0239438C500AD2386 /* TextFieldCollectionViewCell.swift in Sources */,
				5443278F239372CA00998A20 /* DocumentBrowserViewController.swift in Sources */,
				5443278D239372CA00998A20 /* AppDelegate.swift in Sources */,
				54E193E2239439E100AD2386 /* EmojiCollectionViewCell.swift in Sources */,
				54E193DC2394369300AD2386 /* EmojiArtView.swift in Sources */,
			);
			runOnlyForDeploymentPostprocessing = 0;
		};
/* End PBXSourcesBuildPhase section */

/* Begin PBXVariantGroup section */
		54432794239372CA00998A20 /* Main.storyboard */ = {
			isa = PBXVariantGroup;
			children = (
				54432795239372CA00998A20 /* Base */,
			);
			name = Main.storyboard;
			sourceTree = "<group>";
		};
		54432799239372CA00998A20 /* LaunchScreen.storyboard */ = {
			isa = PBXVariantGroup;
			children = (
				5443279A239372CA00998A20 /* Base */,
			);
			name = LaunchScreen.storyboard;
			sourceTree = "<group>";
		};
/* End PBXVariantGroup section */

/* Begin XCBuildConfiguration section */
		5443279D239372CA00998A20 /* Debug */ = {
			isa = XCBuildConfiguration;
			buildSettings = {
				ALWAYS_SEARCH_USER_PATHS = NO;
				CLANG_ANALYZER_NONNULL = YES;
				CLANG_ANALYZER_NUMBER_OBJECT_CONVERSION = YES_AGGRESSIVE;
				CLANG_CXX_LANGUAGE_STANDARD = "gnu++14";
				CLANG_CXX_LIBRARY = "libc++";
				CLANG_ENABLE_MODULES = YES;
				CLANG_ENABLE_OBJC_ARC = YES;
				CLANG_WARN_BLOCK_CAPTURE_AUTORELEASING = YES;
				CLANG_WARN_BOOL_CONVERSION = YES;
				CLANG_WARN_COMMA = YES;
				CLANG_WARN_CONSTANT_CONVERSION = YES;
				CLANG_WARN_DIRECT_OBJC_ISA_USAGE = YES_ERROR;
				CLANG_WARN_DOCUMENTATION_COMMENTS = YES;
				CLANG_WARN_EMPTY_BODY = YES;
				CLANG_WARN_ENUM_CONVERSION = YES;
				CLANG_WARN_INFINITE_RECURSION = YES;
				CLANG_WARN_INT_CONVERSION = YES;
				CLANG_WARN_NON_LITERAL_NULL_CONVERSION = YES;
				CLANG_WARN_OBJC_LITERAL_CONVERSION = YES;
				CLANG_WARN_OBJC_ROOT_CLASS = YES_ERROR;
				CLANG_WARN_RANGE_LOOP_ANALYSIS = YES;
				CLANG_WARN_STRICT_PROTOTYPES = YES;
				CLANG_WARN_SUSPICIOUS_MOVE = YES;
				CLANG_WARN_UNGUARDED_AVAILABILITY = YES_AGGRESSIVE;
				CLANG_WARN_UNREACHABLE_CODE = YES;
				CLANG_WARN__DUPLICATE_METHOD_MATCH = YES;
				CODE_SIGN_IDENTITY = "iPhone Developer";
				COPY_PHASE_STRIP = NO;
				DEBUG_INFORMATION_FORMAT = dwarf;
				ENABLE_STRICT_OBJC_MSGSEND = YES;
				ENABLE_TESTABILITY = YES;
				GCC_C_LANGUAGE_STANDARD = gnu11;
				GCC_DYNAMIC_NO_PIC = NO;
				GCC_NO_COMMON_BLOCKS = YES;
				GCC_OPTIMIZATION_LEVEL = 0;
				GCC_PREPROCESSOR_DEFINITIONS = (
					"DEBUG=1",
					"$(inherited)",
				);
				GCC_WARN_64_TO_32_BIT_CONVERSION = YES;
				GCC_WARN_ABOUT_RETURN_TYPE = YES_ERROR;
				GCC_WARN_UNDECLARED_SELECTOR = YES;
				GCC_WARN_UNINITIALIZED_AUTOS = YES_AGGRESSIVE;
				GCC_WARN_UNUSED_FUNCTION = YES;
				GCC_WARN_UNUSED_VARIABLE = YES;
				IPHONEOS_DEPLOYMENT_TARGET = 11.0;
				MTL_ENABLE_DEBUG_INFO = YES;
				ONLY_ACTIVE_ARCH = YES;
				SDKROOT = iphoneos;
				SWIFT_ACTIVE_COMPILATION_CONDITIONS = DEBUG;
				SWIFT_OPTIMIZATION_LEVEL = "-Onone";
			};
			name = Debug;
		};
		5443279E239372CA00998A20 /* Release */ = {
			isa = XCBuildConfiguration;
			buildSettings = {
				ALWAYS_SEARCH_USER_PATHS = NO;
				CLANG_ANALYZER_NONNULL = YES;
				CLANG_ANALYZER_NUMBER_OBJECT_CONVERSION = YES_AGGRESSIVE;
				CLANG_CXX_LANGUAGE_STANDARD = "gnu++14";
				CLANG_CXX_LIBRARY = "libc++";
				CLANG_ENABLE_MODULES = YES;
				CLANG_ENABLE_OBJC_ARC = YES;
				CLANG_WARN_BLOCK_CAPTURE_AUTORELEASING = YES;
				CLANG_WARN_BOOL_CONVERSION = YES;
				CLANG_WARN_COMMA = YES;
				CLANG_WARN_CONSTANT_CONVERSION = YES;
				CLANG_WARN_DIRECT_OBJC_ISA_USAGE = YES_ERROR;
				CLANG_WARN_DOCUMENTATION_COMMENTS = YES;
				CLANG_WARN_EMPTY_BODY = YES;
				CLANG_WARN_ENUM_CONVERSION = YES;
				CLANG_WARN_INFINITE_RECURSION = YES;
				CLANG_WARN_INT_CONVERSION = YES;
				CLANG_WARN_NON_LITERAL_NULL_CONVERSION = YES;
				CLANG_WARN_OBJC_LITERAL_CONVERSION = YES;
				CLANG_WARN_OBJC_ROOT_CLASS = YES_ERROR;
				CLANG_WARN_RANGE_LOOP_ANALYSIS = YES;
				CLANG_WARN_STRICT_PROTOTYPES = YES;
				CLANG_WARN_SUSPICIOUS_MOVE = YES;
				CLANG_WARN_UNGUARDED_AVAILABILITY = YES_AGGRESSIVE;
				CLANG_WARN_UNREACHABLE_CODE = YES;
				CLANG_WARN__DUPLICATE_METHOD_MATCH = YES;
				CODE_SIGN_IDENTITY = "iPhone Developer";
				COPY_PHASE_STRIP = NO;
				DEBUG_INFORMATION_FORMAT = "dwarf-with-dsym";
				ENABLE_NS_ASSERTIONS = NO;
				ENABLE_STRICT_OBJC_MSGSEND = YES;
				GCC_C_LANGUAGE_STANDARD = gnu11;
				GCC_NO_COMMON_BLOCKS = YES;
				GCC_WARN_64_TO_32_BIT_CONVERSION = YES;
				GCC_WARN_ABOUT_RETURN_TYPE = YES_ERROR;
				GCC_WARN_UNDECLARED_SELECTOR = YES;
				GCC_WARN_UNINITIALIZED_AUTOS = YES_AGGRESSIVE;
				GCC_WARN_UNUSED_FUNCTION = YES;
				GCC_WARN_UNUSED_VARIABLE = YES;
				IPHONEOS_DEPLOYMENT_TARGET = 11.0;
				MTL_ENABLE_DEBUG_INFO = NO;
				SDKROOT = iphoneos;
				SWIFT_OPTIMIZATION_LEVEL = "-Owholemodule";
				VALIDATE_PRODUCT = YES;
			};
			name = Release;
		};
		544327A0239372CA00998A20 /* Debug */ = {
			isa = XCBuildConfiguration;
			buildSettings = {
				ASSETCATALOG_COMPILER_APPICON_NAME = AppIcon;
				CODE_SIGN_STYLE = Automatic;
				DEVELOPMENT_TEAM = NA87GCHN23;
				INFOPLIST_FILE = EmojiArtDocBrowser/Info.plist;
				LD_RUNPATH_SEARCH_PATHS = "$(inherited) @executable_path/Frameworks";
				PRODUCT_BUNDLE_IDENTIFIER = edu.prac.EmojiArtDocBrowser;
				PRODUCT_NAME = "$(TARGET_NAME)";
				SWIFT_VERSION = 4.0;
				TARGETED_DEVICE_FAMILY = "1,2";
			};
			name = Debug;
		};
		544327A1239372CA00998A20 /* Release */ = {
			isa = XCBuildConfiguration;
			buildSettings = {
				ASSETCATALOG_COMPILER_APPICON_NAME = AppIcon;
				CODE_SIGN_STYLE = Automatic;
				DEVELOPMENT_TEAM = NA87GCHN23;
				INFOPLIST_FILE = EmojiArtDocBrowser/Info.plist;
				LD_RUNPATH_SEARCH_PATHS = "$(inherited) @executable_path/Frameworks";
				PRODUCT_BUNDLE_IDENTIFIER = edu.prac.EmojiArtDocBrowser;
				PRODUCT_NAME = "$(TARGET_NAME)";
				SWIFT_VERSION = 4.0;
				TARGETED_DEVICE_FAMILY = "1,2";
			};
			name = Release;
		};
/* End XCBuildConfiguration section */

/* Begin XCConfigurationList section */
		54432784239372CA00998A20 /* Build configuration list for PBXProject "EmojiArtDocBrowser" */ = {
			isa = XCConfigurationList;
			buildConfigurations = (
				5443279D239372CA00998A20 /* Debug */,
				5443279E239372CA00998A20 /* Release */,
			);
			defaultConfigurationIsVisible = 0;
			defaultConfigurationName = Release;
		};
		5443279F239372CA00998A20 /* Build configuration list for PBXNativeTarget "EmojiArtDocBrowser" */ = {
			isa = XCConfigurationList;
			buildConfigurations = (
				544327A0239372CA00998A20 /* Debug */,
				544327A1239372CA00998A20 /* Release */,
			);
			defaultConfigurationIsVisible = 0;
			defaultConfigurationName = Release;
		};
/* End XCConfigurationList section */
	};
	rootObject = 54432781239372CA00998A20 /* Project object */;
}
